
Microsoft Visual Studio Solution File, Format Version 12.00
# Visual Studio Version 17
VisualStudioVersion = 17.5.33424.131
MinimumVisualStudioVersion = 10.0.40219.1
Project("{FAE04EC0-301F-11D3-BF4B-00C04F79EFBC}") = "appHotel", "appHotel\appHotel.csproj", "{AA6C0670-909B-4D92-8E69-6137DDA6577F}"
EndProject
Global
	GlobalSection(SolutionConfigurationPlatforms) = preSolution
		Debug|Any CPU = Debug|Any CPU
		Release|Any CPU = Release|Any CPU
	EndGlobalSection
	GlobalSection(ProjectConfigurationPlatforms) = postSolution
		{AA6C0670-909B-4D92-8E69-6137DDA6577F}.Debug|Any CPU.ActiveCfg = Debug|Any CPU
		{AA6C0670-909B-4D92-8E69-6137DDA6577F}.Debug|Any CPU.Build.0 = Debug|Any CPU
		{AA6C0670-909B-4D92-8E69-6137DDA6577F}.Release|Any CPU.ActiveCfg = Release|Any CPU
		{AA6C0670-909B-4D92-8E69-6137DDA6577F}.Release|Any CPU.Build.0 = Release|Any CPU
	EndGlobalSection
	GlobalSection(SolutionProperties) = preSolution
		HideSolutionNode = FALSE
	EndGlobalSection
	GlobalSection(ExtensibilityGlobals) = postSolution
		SolutionGuid = {2C85E7F2-3979-4EAB-A666-E6552B837CFB}
	EndGlobalSection
EndGlobal
